
Microsoft Visual Studio Solution File, Format Version 12.00
# Visual Studio Version 17
VisualStudioVersion = 17.11.35222.181
MinimumVisualStudioVersion = 10.0.40219.1
Project("{8BC9CEB8-8B4A-11D0-8D11-00A0C91BC942}") = "M3. Introduction to Classes Programming Project", "M3. Introduction to Classes Programming Project\M3. Introduction to Classes Programming Project.vcxproj", "{AB0403A8-A2E7-44BD-9897-6DE5A3D5A17B}"
EndProject
Global
	GlobalSection(SolutionConfigurationPlatforms) = preSolution
		Debug|x64 = Debug|x64
		Debug|x86 = Debug|x86
		Release|x64 = Release|x64
		Release|x86 = Release|x86
	EndGlobalSection
	GlobalSection(ProjectConfigurationPlatforms) = postSolution
		{AB0403A8-A2E7-44BD-9897-6DE5A3D5A17B}.Debug|x64.ActiveCfg = Debug|x64
		{AB0403A8-A2E7-44BD-9897-6DE5A3D5A17B}.Debug|x64.Build.0 = Debug|x64
		{AB0403A8-A2E7-44BD-9897-6DE5A3D5A17B}.Debug|x86.ActiveCfg = Debug|Win32
		{AB0403A8-A2E7-44BD-9897-6DE5A3D5A17B}.Debug|x86.Build.0 = Debug|Win32
		{AB0403A8-A2E7-44BD-9897-6DE5A3D5A17B}.Release|x64.ActiveCfg = Release|x64
		{AB0403A8-A2E7-44BD-9897-6DE5A3D5A17B}.Release|x64.Build.0 = Release|x64
		{AB0403A8-A2E7-44BD-9897-6DE5A3D5A17B}.Release|x86.ActiveCfg = Release|Win32
		{AB0403A8-A2E7-44BD-9897-6DE5A3D5A17B}.Release|x86.Build.0 = Release|Win32
	EndGlobalSection
	GlobalSection(SolutionProperties) = preSolution
		HideSolutionNode = FALSE
	EndGlobalSection
	GlobalSection(ExtensibilityGlobals) = postSolution
		SolutionGuid = {C4E1285D-EE23-48E3-A86D-C57403AF744D}
	EndGlobalSection
EndGlobal
